
Microsoft Visual Studio Solution File, Format Version 12.00
Project("{FAE04EC0-301F-11D3-BF4B-00C04F79EFBC}") = "Localization.Domain", "Localization.Domain\Localization.Domain.csproj", "{1C80DDA0-542C-498C-9BCF-AABDFC1C32BD}"
EndProject
Project("{FAE04EC0-301F-11D3-BF4B-00C04F79EFBC}") = "Localization.Infrastructure", "Localization.Infrastructure\Localization.Infrastructure.csproj", "{60516D9D-F704-4ECF-9055-0C0AC6348238}"
EndProject
Project("{FAE04EC0-301F-11D3-BF4B-00C04F79EFBC}") = "Localization.Api", "Localization.Api\Localization.Api.csproj", "{A1E346AC-BF06-4422-9693-67540C595B95}"
EndProject
Global
	GlobalSection(SolutionConfigurationPlatforms) = preSolution
		Debug|Any CPU = Debug|Any CPU
		Release|Any CPU = Release|Any CPU
	EndGlobalSection
	GlobalSection(ProjectConfigurationPlatforms) = postSolution
		{1C80DDA0-542C-498C-9BCF-AABDFC1C32BD}.Debug|Any CPU.ActiveCfg = Debug|Any CPU
		{1C80DDA0-542C-498C-9BCF-AABDFC1C32BD}.Debug|Any CPU.Build.0 = Debug|Any CPU
		{1C80DDA0-542C-498C-9BCF-AABDFC1C32BD}.Release|Any CPU.ActiveCfg = Release|Any CPU
		{1C80DDA0-542C-498C-9BCF-AABDFC1C32BD}.Release|Any CPU.Build.0 = Release|Any CPU
		{60516D9D-F704-4ECF-9055-0C0AC6348238}.Debug|Any CPU.ActiveCfg = Debug|Any CPU
		{60516D9D-F704-4ECF-9055-0C0AC6348238}.Debug|Any CPU.Build.0 = Debug|Any CPU
		{60516D9D-F704-4ECF-9055-0C0AC6348238}.Release|Any CPU.ActiveCfg = Release|Any CPU
		{60516D9D-F704-4ECF-9055-0C0AC6348238}.Release|Any CPU.Build.0 = Release|Any CPU
		{A1E346AC-BF06-4422-9693-67540C595B95}.Debug|Any CPU.ActiveCfg = Debug|Any CPU
		{A1E346AC-BF06-4422-9693-67540C595B95}.Debug|Any CPU.Build.0 = Debug|Any CPU
		{A1E346AC-BF06-4422-9693-67540C595B95}.Release|Any CPU.ActiveCfg = Release|Any CPU
		{A1E346AC-BF06-4422-9693-67540C595B95}.Release|Any CPU.Build.0 = Release|Any CPU
	EndGlobalSection
EndGlobal
